{
    "_meta": {
        "hash": {
            "sha256": "3b6133b49b8f9eee39a8e625f7ae4b7a15817b2657d7385dd30e47e40a60077c"
        },
        "pipfile-spec": 6,
        "requires": {
            "python_full_version": "3.12.0",
            "python_version": "3.12"
        },
        "sources": [
            {
                "name": "pypi",
                "url": "https://pypi.org/simple",
                "verify_ssl": true
            }
        ]
    },
    "default": {
        "asyncio": {
            "hashes": [
                "sha256:83360ff8bc97980e4ff25c964c7bd3923d333d177aa4f7fb736b019f26c7cb41",
                "sha256:b62c9157d36187eca799c378e572c969f0da87cd5fc42ca372d92cdb06e7e1de",
                "sha256:c46a87b48213d7464f22d9a497b9eef8c1928b68320a2fa94240f969f6fec08c",
                "sha256:c4d18b22701821de07bd6aea8b53d21449ec0ec5680645e5317062ea21817d2d"
            ],
            "index": "pypi",
            "version": "==3.4.3"
        },
        "ifcopenshell": {
            "hashes": [
                "sha256:16428255ec8fec2dfe31e1c9998fae39f162b50fc78745e1322ae16c721ea957",
                "sha256:19c2dbd335eb0997acf9af491af0fd43574edb8e7d77ad5c9b1da86a00da8d5e",
                "sha256:22924fbcd598255de0644c9ee683acfea639349f39dfb4034559d9603341b72d",
                "sha256:323c89afc269f3a0609850b5e7548c3b9095511808cdec0297b5aff5f0c66f03",
                "sha256:4de6fe3bb11f5f898d955b5c7a13163d6cbee2e88c050671a62545ce9374846d",
                "sha256:4f4ff1005729ddce3096f4d7c83e19a59f99555be733415079440047ce9cf16c",
                "sha256:534d68a136d6358ef3ba07f15e302aa68047e44af2c219fec3015b53f25a0c50",
                "sha256:55a91c6c729e7ef58e3cd8225354412690c30ba241090c4218f4ced5534cc196",
                "sha256:5759805c2fd43256d62c468619d7c32b443639c0940eba72056762db799e77a8",
                "sha256:786d01022f87763ac0d9af204cc2370ad4252397afbd7ec0a5f06cff85ea6f2b",
                "sha256:7d9fd52ec0ca7f430c95990113779f7c3d2214ba14f54fa2b48554594ccbb150",
                "sha256:83f638faf1e3bd958700d48e93849009a58ae09f8be8c9738ec9a8ec5eaae416",
                "sha256:8735eb2d6eaf6fdb06dd1f6f1cf6593c39385aacdeae247eb1721bfc239f7d7a",
                "sha256:aa4b4eaa0351ceba7d1936a6ef942a8e2d489effe528f78778dbb079a1d7c75d",
                "sha256:ce895dc214abb23bb5347738b9f3283638ed7c2e8e2cb9e4b133d9886763f4ea",
                "sha256:fcf7708ef5c4a0876069c8cb8c4cc2639093e03772ad81d90df23972284a8c01"
            ],
            "index": "pypi",
            "markers": "python_version < '3.13' and python_version >= '3.9'",
            "version": "==0.8.0"
        },
        "isodate": {
            "hashes": [
                "sha256:28009937d8031054830160fce6d409ed342816b543597cece116d966c6d99e15",
                "sha256:4cd1aa0f43ca76f4a6c6c0292a85f40b35ec2e43e315b59f06e6d32171a953e6"
            ],
            "markers": "python_version >= '3.7'",
            "version": "==0.7.2"
        },
        "lark": {
            "hashes": [
                "sha256:c2276486b02f0f1b90be155f2c8ba4a8e194d42775786db622faccd652d8e80c",
                "sha256:ca807d0162cd16cef15a8feecb862d7319e7a09bdb13aef927968e45040fed80"
            ],
            "markers": "python_version >= '3.8'",
            "version": "==1.2.2"
        },
        "numpy": {
            "hashes": [
                "sha256:016d0f6f5e77b0f0d45d77387ffa4bb89816b57c835580c3ce8e099ef830befe",
                "sha256:02135ade8b8a84011cbb67dc44e07c58f28575cf9ecf8ab304e51c05528c19f0",
                "sha256:08788d27a5fd867a663f6fc753fd7c3ad7e92747efc73c53bca2f19f8bc06f48",
                "sha256:0d30c543f02e84e92c4b1f415b7c6b5326cbe45ee7882b6b77db7195fb971e3a",
                "sha256:0fa14563cc46422e99daef53d725d0c326e99e468a9320a240affffe87852564",
                "sha256:13138eadd4f4da03074851a698ffa7e405f41a0845a6b1ad135b81596e4e9958",
                "sha256:14e253bd43fc6b37af4921b10f6add6925878a42a0c5fe83daee390bca80bc17",
                "sha256:15cb89f39fa6d0bdfb600ea24b250e5f1a3df23f901f51c8debaa6a5d122b2f0",
                "sha256:17ee83a1f4fef3c94d16dc1802b998668b5419362c8a4f4e8a491de1b41cc3ee",
                "sha256:2312b2aa89e1f43ecea6da6ea9a810d06aae08321609d8dc0d0eda6d946a541b",
                "sha256:2564fbdf2b99b3f815f2107c1bbc93e2de8ee655a69c261363a1172a79a257d4",
                "sha256:3522b0dfe983a575e6a9ab3a4a4dfe156c3e428468ff08ce582b9bb6bd1d71d4",
                "sha256:4394bc0dbd074b7f9b52024832d16e019decebf86caf909d94f6b3f77a8ee3b6",
                "sha256:45966d859916ad02b779706bb43b954281db43e185015df6eb3323120188f9e4",
                "sha256:4d1167c53b93f1f5d8a139a742b3c6f4d429b54e74e6b57d0eff40045187b15d",
                "sha256:4f2015dfe437dfebbfce7c85c7b53d81ba49e71ba7eadbf1df40c915af75979f",
                "sha256:50ca6aba6e163363f132b5c101ba078b8cbd3fa92c7865fd7d4d62d9779ac29f",
                "sha256:50d18c4358a0a8a53f12a8ba9d772ab2d460321e6a93d6064fc22443d189853f",
                "sha256:5641516794ca9e5f8a4d17bb45446998c6554704d888f86df9b200e66bdcce56",
                "sha256:576a1c1d25e9e02ed7fa5477f30a127fe56debd53b8d2c89d5578f9857d03ca9",
                "sha256:6a4825252fcc430a182ac4dee5a505053d262c807f8a924603d411f6718b88fd",
                "sha256:72dcc4a35a8515d83e76b58fdf8113a5c969ccd505c8a946759b24e3182d1f23",
                "sha256:747641635d3d44bcb380d950679462fae44f54b131be347d5ec2bce47d3df9ed",
                "sha256:762479be47a4863e261a840e8e01608d124ee1361e48b96916f38b119cfda04a",
                "sha256:78574ac2d1a4a02421f25da9559850d59457bac82f2b8d7a44fe83a64f770098",
                "sha256:825656d0743699c529c5943554d223c021ff0494ff1442152ce887ef4f7561a1",
                "sha256:8637dcd2caa676e475503d1f8fdb327bc495554e10838019651b76d17b98e512",
                "sha256:96fe52fcdb9345b7cd82ecd34547fca4321f7656d500eca497eb7ea5a926692f",
                "sha256:973faafebaae4c0aaa1a1ca1ce02434554d67e628b8d805e61f874b84e136b09",
                "sha256:996bb9399059c5b82f76b53ff8bb686069c05acc94656bb259b1d63d04a9506f",
                "sha256:a38c19106902bb19351b83802531fea19dee18e5b37b36454f27f11ff956f7fc",
                "sha256:a6b46587b14b888e95e4a24d7b13ae91fa22386c199ee7b418f449032b2fa3b8",
                "sha256:a9f7f672a3388133335589cfca93ed468509cb7b93ba3105fce780d04a6576a0",
                "sha256:aa08e04e08aaf974d4458def539dece0d28146d866a39da5639596f4921fd761",
                "sha256:b0df3635b9c8ef48bd3be5f862cf71b0a4716fa0e702155c45067c6b711ddcef",
                "sha256:b47fbb433d3260adcd51eb54f92a2ffbc90a4595f8970ee00e064c644ac788f5",
                "sha256:baed7e8d7481bfe0874b566850cb0b85243e982388b7b23348c6db2ee2b2ae8e",
                "sha256:bc6f24b3d1ecc1eebfbf5d6051faa49af40b03be1aaa781ebdadcbc090b4539b",
                "sha256:c006b607a865b07cd981ccb218a04fc86b600411d83d6fc261357f1c0966755d",
                "sha256:c181ba05ce8299c7aa3125c27b9c2167bca4a4445b7ce73d5febc411ca692e43",
                "sha256:c7662f0e3673fe4e832fe07b65c50342ea27d989f92c80355658c7f888fcc83c",
                "sha256:c80e4a09b3d95b4e1cac08643f1152fa71a0a821a2d4277334c88d54b2219a41",
                "sha256:c894b4305373b9c5576d7a12b473702afdf48ce5369c074ba304cc5ad8730dff",
                "sha256:d7aac50327da5d208db2eec22eb11e491e3fe13d22653dce51b0f4109101b408",
                "sha256:d89dd2b6da69c4fff5e39c28a382199ddedc3a5be5390115608345dec660b9e2",
                "sha256:d9beb777a78c331580705326d2367488d5bc473b49a9bc3036c154832520aca9",
                "sha256:dc258a761a16daa791081d026f0ed4399b582712e6fc887a95af09df10c5ca57",
                "sha256:e14e26956e6f1696070788252dcdff11b4aca4c3e8bd166e0df1bb8f315a67cb",
                "sha256:e6988e90fcf617da2b5c78902fe8e668361b43b4fe26dbf2d7b0f8034d4cafb9",
                "sha256:e711e02f49e176a01d0349d82cb5f05ba4db7d5e7e0defd026328e5cfb3226d3",
                "sha256:ea4dedd6e394a9c180b33c2c872b92f7ce0f8e7ad93e9585312b0c5a04777a4a",
                "sha256:ecc76a9ba2911d8d37ac01de72834d8849e55473457558e12995f4cd53e778e0",
                "sha256:f55ba01150f52b1027829b50d70ef1dafd9821ea82905b63936668403c3b471e",
                "sha256:f653490b33e9c3a4c1c01d41bc2aef08f9475af51146e4a7710c450cf9761598",
                "sha256:fa2d1337dc61c8dc417fbccf20f6d1e139896a30721b7f1e832b2bb6ef4eb6c4"
            ],
            "markers": "python_version >= '3.10'",
            "version": "==2.1.3"
        },
        "python-dateutil": {
            "hashes": [
                "sha256:37dd54208da7e1cd875388217d5e00ebd4179249f90fb72437e91a35459a0ad3",
                "sha256:a8b2bc7bffae282281c8140a97d3aa9c14da0b136dfe83f850eea9a5f7470427"
            ],
            "markers": "python_version >= '2.7' and python_version not in '3.0, 3.1, 3.2'",
            "version": "==2.9.0.post0"
        },
        "shapely": {
            "hashes": [
                "sha256:0334bd51828f68cd54b87d80b3e7cee93f249d82ae55a0faf3ea21c9be7b323a",
                "sha256:1bbc783529a21f2bd50c79cef90761f72d41c45622b3e57acf78d984c50a5d13",
                "sha256:2423f6c0903ebe5df6d32e0066b3d94029aab18425ad4b07bf98c3972a6e25a1",
                "sha256:28f87cdf5308a514763a5c38de295544cb27429cfa655d50ed8431a4796090c4",
                "sha256:29a34e068da2d321e926b5073539fd2a1d4429a2c656bd63f0bd4c8f5b236d0b",
                "sha256:2ad2fae12dca8d2b727fa12b007e46fbc522148a584f5d6546c539f3464dccde",
                "sha256:2b542d7f1dbb89192d3512c52b679c822ba916f93479fa5d4fc2fe4fa0b3c9e8",
                "sha256:2c665a0301c645615a107ff7f52adafa2153beab51daf34587170d85e8ba6805",
                "sha256:2de00c3bfa80d6750832bde1d9487e302a6dd21d90cb2f210515cefdb616e5f5",
                "sha256:392f66f458a0a2c706254f473290418236e52aa4c9b476a072539d63a2460595",
                "sha256:3a82d58a1134d5e975f19268710e53bddd9c473743356c90d97ce04b73e101ee",
                "sha256:3ec3a0eab496b5e04633a39fa3d5eb5454628228201fb24903d38174ee34565e",
                "sha256:42805ef90783ce689a4dde2b6b2f261e2c52609226a0438d882e3ced40bb3013",
                "sha256:42fd4cd4834747e4990227e4cbafb02242c0cffe9ce7ef9971f53ac52d80d55f",
                "sha256:44246d30124a4f1a638a7d5419149959532b99dfa25b54393512e6acc9c211ac",
                "sha256:537c4b2716d22c92036d00b34aac9d3775e3691f80c7aa517c2c290351f42cd8",
                "sha256:5aeb0f51a9db176da9a30cb2f4329b6fbd1e26d359012bb0ac3d3c7781667a9e",
                "sha256:665990c84aece05efb68a21b3523a6b2057e84a1afbef426ad287f0796ef8a48",
                "sha256:6d2cb146191a47bd0cee8ff5f90b47547b82b6345c0d02dd8b25b88b68af62d7",
                "sha256:7060566bc4888b0c8ed14b5d57df8a0ead5c28f9b69fb6bed4476df31c51b0af",
                "sha256:81d9dfe155f371f78c8d895a7b7f323bb241fb148d848a2bf2244f79213123fe",
                "sha256:837d395fac58aa01aa544495b97940995211e3e25f9aaf87bc3ba5b3a8cd1ac7",
                "sha256:83b94a44ab04a90e88be69e7ddcc6f332da7c0a0ebb1156e1c4f568bbec983c3",
                "sha256:8b3b818c4407eaa0b4cb376fd2305e20ff6df757bf1356651589eadc14aab41b",
                "sha256:98fea108334be345c283ce74bf064fa00cfdd718048a8af7343c59eb40f59726",
                "sha256:997f6159b1484059ec239cacaa53467fd8b5564dabe186cd84ac2944663b0bf6",
                "sha256:9a7a78b0d51257a367ee115f4d41ca4d46edbd0dd280f697a8092dd3989867b2",
                "sha256:b02154b3e9d076a29a8513dffcb80f047a5ea63c897c0cd3d3679f29363cf7e5",
                "sha256:b3304883bd82d44be1b27a9d17f1167fda8c7f5a02a897958d86c59ec69b705e",
                "sha256:b3dc9fb0eb56498912025f5eb352b5126f04801ed0e8bdbd867d21bdbfd7cbd0",
                "sha256:c02eb6bf4cfb9fe6568502e85bb2647921ee49171bcd2d4116c7b3109724ef9b",
                "sha256:c6d88ade96bf02f6bfd667ddd3626913098e243e419a0325ebef2bbd481d1eb6",
                "sha256:cec9193519940e9d1b86a3b4f5af9eb6910197d24af02f247afbfb47bcb3fab0",
                "sha256:d37d070da9e0e0f0a530a621e17c0b8c3c9d04105655132a87cfff8bd77cc4c2",
                "sha256:d93b7e0e71c9f095e09454bf18dad5ea716fb6ced5df3cb044564a00723f339d",
                "sha256:e1c84c3f53144febf6af909d6b581bc05e8785d57e27f35ebaa5c1ab9baba13b",
                "sha256:e3fdef0a1794a8fe70dc1f514440aa34426cc0ae98d9a1027fb299d45741c381",
                "sha256:eba5bae271d523c938274c61658ebc34de6c4b33fdf43ef7e938b5776388c1be",
                "sha256:ed5867e598a9e8ac3291da6cc9baa62ca25706eea186117034e8ec0ea4355653",
                "sha256:f32c23d2f43d54029f986479f7c1f6e09c6b3a19353a3833c2ffb226fb63a855",
                "sha256:fa7468e4f5b92049c0f36d63c3e309f85f2775752e076378e36c6387245c5462",
                "sha256:fbb7bf02a7542dba55129062570211cfb0defa05386409b3e306c39612e7fbcc"
            ],
            "markers": "python_version >= '3.7'",
            "version": "==2.0.6"
        },
        "six": {
            "hashes": [
                "sha256:1e61c37477a1626458e36f7b1d82aa5c9b094fa4802892072e49de9c60c4c926",
                "sha256:8abb2f1d86890a2dfb989f9a77cfcfd3e47c2a354b01111771326f8aa26e0254"
            ],
            "markers": "python_version >= '2.7' and python_version not in '3.0, 3.1, 3.2'",
            "version": "==1.16.0"
        },
        "typing-extensions": {
            "hashes": [
                "sha256:04e5ca0351e0f3f85c6853954072df659d0d13fac324d0072316b67d7794700d",
                "sha256:1a7ead55c7e559dd4dee8856e3a88b41225abfe1ce8df57b7c13915fe121ffb8"
            ],
            "markers": "python_version >= '3.8'",
            "version": "==4.12.2"
        },
        "websockets": {
            "hashes": [
                "sha256:00fe5da3f037041da1ee0cf8e308374e236883f9842c7c465aa65098b1c9af59",
                "sha256:01bb2d4f0a6d04538d3c5dfd27c0643269656c28045a53439cbf1c004f90897a",
                "sha256:034feb9f4286476f273b9a245fb15f02c34d9586a5bc936aff108c3ba1b21beb",
                "sha256:04a97aca96ca2acedf0d1f332c861c5a4486fdcba7bcef35873820f940c4231e",
                "sha256:0d4290d559d68288da9f444089fd82490c8d2744309113fc26e2da6e48b65da6",
                "sha256:1288369a6a84e81b90da5dbed48610cd7e5d60af62df9851ed1d1d23a9069f10",
                "sha256:14839f54786987ccd9d03ed7f334baec0f02272e7ec4f6e9d427ff584aeea8b4",
                "sha256:1d045cbe1358d76b24d5e20e7b1878efe578d9897a25c24e6006eef788c0fdf0",
                "sha256:1f874ba705deea77bcf64a9da42c1f5fc2466d8f14daf410bc7d4ceae0a9fcb0",
                "sha256:205f672a6c2c671a86d33f6d47c9b35781a998728d2c7c2a3e1cf3333fcb62b7",
                "sha256:2177ee3901075167f01c5e335a6685e71b162a54a89a56001f1c3e9e3d2ad250",
                "sha256:219c8187b3ceeadbf2afcf0f25a4918d02da7b944d703b97d12fb01510869078",
                "sha256:25225cc79cfebc95ba1d24cd3ab86aaa35bcd315d12fa4358939bd55e9bd74a5",
                "sha256:3630b670d5057cd9e08b9c4dab6493670e8e762a24c2c94ef312783870736ab9",
                "sha256:368a05465f49c5949e27afd6fbe0a77ce53082185bbb2ac096a3a8afaf4de52e",
                "sha256:36ebd71db3b89e1f7b1a5deaa341a654852c3518ea7a8ddfdf69cc66acc2db1b",
                "sha256:39450e6215f7d9f6f7bc2a6da21d79374729f5d052333da4d5825af8a97e6735",
                "sha256:398b10c77d471c0aab20a845e7a60076b6390bfdaac7a6d2edb0d2c59d75e8d8",
                "sha256:3c3deac3748ec73ef24fc7be0b68220d14d47d6647d2f85b2771cb35ea847aa1",
                "sha256:3f14a96a0034a27f9d47fd9788913924c89612225878f8078bb9d55f859272b0",
                "sha256:3fc753451d471cff90b8f467a1fc0ae64031cf2d81b7b34e1811b7e2691bc4bc",
                "sha256:414ffe86f4d6f434a8c3b7913655a1a5383b617f9bf38720e7c0799fac3ab1c6",
                "sha256:449d77d636f8d9c17952628cc7e3b8faf6e92a17ec581ec0c0256300717e1512",
                "sha256:4b6caec8576e760f2c7dd878ba817653144d5f369200b6ddf9771d64385b84d4",
                "sha256:4d4fc827a20abe6d544a119896f6b78ee13fe81cbfef416f3f2ddf09a03f0e2e",
                "sha256:5a42d3ecbb2db5080fc578314439b1d79eef71d323dc661aa616fb492436af5d",
                "sha256:5b918d288958dc3fa1c5a0b9aa3256cb2b2b84c54407f4813c45d52267600cd3",
                "sha256:5ef440054124728cc49b01c33469de06755e5a7a4e83ef61934ad95fc327fbb0",
                "sha256:660c308dabd2b380807ab64b62985eaccf923a78ebc572bd485375b9ca2b7dc7",
                "sha256:6a6c9bcf7cdc0fd41cc7b7944447982e8acfd9f0d560ea6d6845428ed0562058",
                "sha256:6d24fc337fc055c9e83414c94e1ee0dee902a486d19d2a7f0929e49d7d604b09",
                "sha256:7048eb4415d46368ef29d32133134c513f507fff7d953c18c91104738a68c3b3",
                "sha256:77569d19a13015e840b81550922056acabc25e3f52782625bc6843cfa034e1da",
                "sha256:8149a0f5a72ca36720981418eeffeb5c2729ea55fa179091c81a0910a114a5d2",
                "sha256:836bef7ae338a072e9d1863502026f01b14027250a4545672673057997d5c05a",
                "sha256:8621a07991add373c3c5c2cf89e1d277e49dc82ed72c75e3afc74bd0acc446f0",
                "sha256:87e31011b5c14a33b29f17eb48932e63e1dcd3fa31d72209848652310d3d1f0d",
                "sha256:88cf9163ef674b5be5736a584c999e98daf3aabac6e536e43286eb74c126b9c7",
                "sha256:8fda642151d5affdee8a430bd85496f2e2517be3a2b9d2484d633d5712b15c56",
                "sha256:90b5d9dfbb6d07a84ed3e696012610b6da074d97453bd01e0e30744b472c8179",
                "sha256:90f4c7a069c733d95c308380aae314f2cb45bd8a904fb03eb36d1a4983a4993f",
                "sha256:9481a6de29105d73cf4515f2bef8eb71e17ac184c19d0b9918a3701c6c9c4f23",
                "sha256:9607b9a442392e690a57909c362811184ea429585a71061cd5d3c2b98065c199",
                "sha256:9777564c0a72a1d457f0848977a1cbe15cfa75fa2f67ce267441e465717dcf1a",
                "sha256:a032855dc7db987dff813583d04f4950d14326665d7e714d584560b140ae6b8b",
                "sha256:a0adf84bc2e7c86e8a202537b4fd50e6f7f0e4a6b6bf64d7ccb96c4cd3330b29",
                "sha256:a35f704be14768cea9790d921c2c1cc4fc52700410b1c10948511039be824aac",
                "sha256:a3dfff83ca578cada2d19e665e9c8368e1598d4e787422a460ec70e531dbdd58",
                "sha256:a4c805c6034206143fbabd2d259ec5e757f8b29d0a2f0bf3d2fe5d1f60147a4a",
                "sha256:a655bde548ca98f55b43711b0ceefd2a88a71af6350b0c168aa77562104f3f45",
                "sha256:ad2ab2547761d79926effe63de21479dfaf29834c50f98c4bf5b5480b5838434",
                "sha256:b1f3628a0510bd58968c0f60447e7a692933589b791a6b572fcef374053ca280",
                "sha256:b7e7ea2f782408c32d86b87a0d2c1fd8871b0399dd762364c731d86c86069a78",
                "sha256:bc6ccf7d54c02ae47a48ddf9414c54d48af9c01076a2e1023e3b486b6e72c707",
                "sha256:bea45f19b7ca000380fbd4e02552be86343080120d074b87f25593ce1700ad58",
                "sha256:cc1fc87428c1d18b643479caa7b15db7d544652e5bf610513d4a3478dbe823d0",
                "sha256:cd7c11968bc3860d5c78577f0dbc535257ccec41750675d58d8dc66aa47fe52c",
                "sha256:ceada5be22fa5a5a4cdeec74e761c2ee7db287208f54c718f2df4b7e200b8d4a",
                "sha256:cf5201a04550136ef870aa60ad3d29d2a59e452a7f96b94193bee6d73b8ad9a9",
                "sha256:d9fd19ecc3a4d5ae82ddbfb30962cf6d874ff943e56e0c81f5169be2fda62979",
                "sha256:ddaa4a390af911da6f680be8be4ff5aaf31c4c834c1a9147bc21cbcbca2d4370",
                "sha256:df174ece723b228d3e8734a6f2a6febbd413ddec39b3dc592f5a4aa0aff28098",
                "sha256:e0744623852f1497d825a49a99bfbec9bea4f3f946df6eb9d8a2f0c37a2fec2e",
                "sha256:e5dc25a9dbd1a7f61eca4b7cb04e74ae4b963d658f9e4f9aad9cd00b688692c8",
                "sha256:e7591d6f440af7f73c4bd9404f3772bfee064e639d2b6cc8c94076e71b2471c1",
                "sha256:eb6d38971c800ff02e4a6afd791bbe3b923a9a57ca9aeab7314c21c84bf9ff05",
                "sha256:ed907449fe5e021933e46a3e65d651f641975a768d0649fee59f10c2985529ed",
                "sha256:f6cf0ad281c979306a6a34242b371e90e891bce504509fb6bb5246bbbf31e7b6",
                "sha256:f95ba34d71e2fa0c5d225bde3b3bdb152e957150100e75c86bc7f3964c450d89"
            ],
            "index": "pypi",
            "markers": "python_version >= '3.9'",
            "version": "==14.1"
        }
    },
    "develop": {}
}
